
Microsoft Visual Studio Solution File, Format Version 12.00
# Visual Studio Version 17
VisualStudioVersion = 17.10.35013.160
MinimumVisualStudioVersion = 10.0.40219.1
Project("{9A19103F-16F7-4668-BE54-9A1E7A4F7556}") = "EFCore.DatabaseFirst", "EFCore.DatabaseFirst\EFCore.DatabaseFirst.csproj", "{65B3DEF0-1E49-42C1-AB8A-760525AAFA62}"
EndProject
Project("{9A19103F-16F7-4668-BE54-9A1E7A4F7556}") = "EFCore.DatabaseFirstByScaffold", "EFCore.DatabaseFirstByScaffold\EFCore.DatabaseFirstByScaffold.csproj", "{EA9ADE74-5130-4F4B-BE02-09A3DC5F65C9}"
EndProject
Project("{FAE04EC0-301F-11D3-BF4B-00C04F79EFBC}") = "EFCore.CodeFirst", "EFCore.CodeFirst\EFCore.CodeFirst.csproj", "{8B35CF5D-7911-4AB3-95F4-2F80C15B8C79}"
EndProject
Global
	GlobalSection(SolutionConfigurationPlatforms) = preSolution
		Debug|Any CPU = Debug|Any CPU
		Release|Any CPU = Release|Any CPU
	EndGlobalSection
	GlobalSection(ProjectConfigurationPlatforms) = postSolution
		{65B3DEF0-1E49-42C1-AB8A-760525AAFA62}.Debug|Any CPU.ActiveCfg = Debug|Any CPU
		{65B3DEF0-1E49-42C1-AB8A-760525AAFA62}.Debug|Any CPU.Build.0 = Debug|Any CPU
		{65B3DEF0-1E49-42C1-AB8A-760525AAFA62}.Release|Any CPU.ActiveCfg = Release|Any CPU
		{65B3DEF0-1E49-42C1-AB8A-760525AAFA62}.Release|Any CPU.Build.0 = Release|Any CPU
		{EA9ADE74-5130-4F4B-BE02-09A3DC5F65C9}.Debug|Any CPU.ActiveCfg = Debug|Any CPU
		{EA9ADE74-5130-4F4B-BE02-09A3DC5F65C9}.Debug|Any CPU.Build.0 = Debug|Any CPU
		{EA9ADE74-5130-4F4B-BE02-09A3DC5F65C9}.Release|Any CPU.ActiveCfg = Release|Any CPU
		{EA9ADE74-5130-4F4B-BE02-09A3DC5F65C9}.Release|Any CPU.Build.0 = Release|Any CPU
		{8B35CF5D-7911-4AB3-95F4-2F80C15B8C79}.Debug|Any CPU.ActiveCfg = Debug|Any CPU
		{8B35CF5D-7911-4AB3-95F4-2F80C15B8C79}.Debug|Any CPU.Build.0 = Debug|Any CPU
		{8B35CF5D-7911-4AB3-95F4-2F80C15B8C79}.Release|Any CPU.ActiveCfg = Release|Any CPU
		{8B35CF5D-7911-4AB3-95F4-2F80C15B8C79}.Release|Any CPU.Build.0 = Release|Any CPU
	EndGlobalSection
	GlobalSection(SolutionProperties) = preSolution
		HideSolutionNode = FALSE
	EndGlobalSection
	GlobalSection(ExtensibilityGlobals) = postSolution
		SolutionGuid = {8437BB61-4C70-4F64-9E20-2081825D178B}
	EndGlobalSection
EndGlobal
